{
  "version": 4,
  "terraform_version": "0.15.4",
  "serial": 3,
  "lineage": "0bafb7f9-6496-a75a-b074-01261ab0de46",
  "outputs": {},
  "resources": [
    {
      "mode": "managed",
      "type": "local_file",
      "name": "pet",
      "provider": "provider[\"registry.terraform.io/hashicorp/local\"]",
      "instances": [
        {
          "schema_version": 0,
          "attributes": {
            "content": "My pet's name is Mrs.spaniel",
            "content_base64": null,
            "directory_permission": "0777",
            "file_permission": "0777",
            "filename": "/Users/kartik/Desktop/projects/terraform/resource.attributes/root/pets.txt",
            "id": "d2ab676cef1bee4fb9c102515af1cd9b885e0bdf",
            "sensitive_content": null,
            "source": null
          },
          "sensitive_attributes": [],
          "private": "bnVsbA==",
          "dependencies": ["random_pet.my-pet"]
        }
      ]
    },
    {
      "mode": "managed",
      "type": "random_pet",
      "name": "my-pet",
      "provider": "provider[\"registry.terraform.io/hashicorp/random\"]",
      "instances": [
        {
          "schema_version": 0,
          "attributes": {
            "id": "Mrs.spaniel",
            "keepers": null,
            "length": 1,
            "prefix": "Mrs",
            "separator": "."
          },
          "sensitive_attributes": [],
          "private": "bnVsbA=="
        }
      ]
    }
  ]
}
