{
  "version": 4,
  "terraform_version": "0.15.4",
  "serial": 6,
  "lineage": "12eca177-f2db-38ec-b70d-89c9cb8c2a39",
  "outputs": {},
  "resources": [
    {
      "mode": "managed",
      "type": "local_file",
      "name": "pet",
      "provider": "provider[\"registry.terraform.io/hashicorp/local\"]",
      "instances": [
        {
          "schema_version": 0,
          "attributes": {
            "content": "Petname Romy",
            "content_base64": null,
            "directory_permission": "0777",
            "file_permission": "0777",
            "filename": "/Users/kartik/Desktop/projects/terraform/multiple.providers/root/pets.txt",
            "id": "14df6668a29134e022e916dc773d4740b9ebfd13",
            "sensitive_content": null,
            "source": null
          },
          "sensitive_attributes": [],
          "private": "bnVsbA=="
        }
      ]
    },
    {
      "mode": "managed",
      "type": "random_pet",
      "name": "my-pet",
      "provider": "provider[\"registry.terraform.io/hashicorp/random\"]",
      "instances": [
        {
          "schema_version": 0,
          "attributes": {
            "id": "Mr.clearly.preferably.personally.remarkably.causal.filly",
            "keepers": null,
            "length": 6,
            "prefix": "Mr",
            "separator": "."
          },
          "sensitive_attributes": [],
          "private": "bnVsbA=="
        }
      ]
    }
  ]
}
