{
  "version": 4,
  "terraform_version": "0.15.4",
  "serial": 8,
  "lineage": "c616b9e3-e17f-2bc0-4805-51fb57263090",
  "outputs": {},
  "resources": [
    {
      "mode": "managed",
      "type": "local_file",
      "name": "pet",
      "provider": "provider[\"registry.terraform.io/hashicorp/local\"]",
      "instances": [
        {
          "index_key": 0,
          "schema_version": 0,
          "attributes": {
            "content": "My pets name is Romy",
            "content_base64": null,
            "directory_permission": "0777",
            "file_permission": "0777",
            "filename": "/Users/kartik/Desktop/projects/terraform/terraform.metaarguements/root/pets.txt",
            "id": "88a4d49baa439b1a9c899a0496cdf526819cfae7",
            "sensitive_content": null,
            "source": null
          },
          "sensitive_attributes": [],
          "private": "bnVsbA=="
        },
        {
          "index_key": 1,
          "schema_version": 0,
          "attributes": {
            "content": "My pets name is Romy",
            "content_base64": null,
            "directory_permission": "0777",
            "file_permission": "0777",
            "filename": "/Users/kartik/Desktop/projects/terraform/terraform.metaarguements/root/dogs.txt",
            "id": "88a4d49baa439b1a9c899a0496cdf526819cfae7",
            "sensitive_content": null,
            "source": null
          },
          "sensitive_attributes": [],
          "private": "bnVsbA=="
        },
        {
          "index_key": 2,
          "schema_version": 0,
          "attributes": {
            "content": "My pets name is Romy",
            "content_base64": null,
            "directory_permission": "0777",
            "file_permission": "0777",
            "filename": "/Users/kartik/Desktop/projects/terraform/terraform.metaarguements/root/cats.txt",
            "id": "88a4d49baa439b1a9c899a0496cdf526819cfae7",
            "sensitive_content": null,
            "source": null
          },
          "sensitive_attributes": [],
          "private": "bnVsbA=="
        }
      ]
    }
  ]
}
